
Microsoft Visual Studio Solution File, Format Version 12.00
# Visual Studio Version 17
VisualStudioVersion = 17.6.33829.357
MinimumVisualStudioVersion = 10.0.40219.1
Project("{FAE04EC0-301F-11D3-BF4B-00C04F79EFBC}") = "CSharp-Bai13", "CSharp-Bai13.csproj", "{EC564A66-CA10-41B1-A5E4-9F48885A9590}"
EndProject
Global
	GlobalSection(SolutionConfigurationPlatforms) = preSolution
		Debug|Any CPU = Debug|Any CPU
		Release|Any CPU = Release|Any CPU
	EndGlobalSection
	GlobalSection(ProjectConfigurationPlatforms) = postSolution
		{EC564A66-CA10-41B1-A5E4-9F48885A9590}.Debug|Any CPU.ActiveCfg = Debug|Any CPU
		{EC564A66-CA10-41B1-A5E4-9F48885A9590}.Debug|Any CPU.Build.0 = Debug|Any CPU
		{EC564A66-CA10-41B1-A5E4-9F48885A9590}.Release|Any CPU.ActiveCfg = Release|Any CPU
		{EC564A66-CA10-41B1-A5E4-9F48885A9590}.Release|Any CPU.Build.0 = Release|Any CPU
	EndGlobalSection
	GlobalSection(SolutionProperties) = preSolution
		HideSolutionNode = FALSE
	EndGlobalSection
	GlobalSection(ExtensibilityGlobals) = postSolution
		SolutionGuid = {BCC1E64A-B955-428A-B90F-3E1EA752B718}
	EndGlobalSection
EndGlobal
